// !$*UTF8*$!
{
	archiveVersion = 1;
	classes = {
	};
	objectVersion = 50;
	objects = {

/* Begin PBXBuildFile section */
		97484BE423E6046C009CF866 /* MOPBiography.m in Sources */ = {isa = PBXBuildFile; fileRef = 97484BE323E6046C009CF866 /* MOPBiography.m */; };
		977D1DD823E377AF00218391 /* AppDelegate.m in Sources */ = {isa = PBXBuildFile; fileRef = 977D1DD723E377AF00218391 /* AppDelegate.m */; };
		977D1DDB23E377AF00218391 /* SceneDelegate.m in Sources */ = {isa = PBXBuildFile; fileRef = 977D1DDA23E377AF00218391 /* SceneDelegate.m */; };
		977D1DE123E377AF00218391 /* Main.storyboard in Resources */ = {isa = PBXBuildFile; fileRef = 977D1DDF23E377AF00218391 /* Main.storyboard */; };
		977D1DE323E377B000218391 /* Assets.xcassets in Resources */ = {isa = PBXBuildFile; fileRef = 977D1DE223E377B000218391 /* Assets.xcassets */; };
		977D1DE623E377B000218391 /* LaunchScreen.storyboard in Resources */ = {isa = PBXBuildFile; fileRef = 977D1DE423E377B000218391 /* LaunchScreen.storyboard */; };
		977D1DE923E377B000218391 /* main.m in Sources */ = {isa = PBXBuildFile; fileRef = 977D1DE823E377B000218391 /* main.m */; };
		977D1DF723E37CAA00218391 /* MOPCharacter.m in Sources */ = {isa = PBXBuildFile; fileRef = 977D1DF623E37CAA00218391 /* MOPCharacter.m */; };
		977D1DFA23E3841800218391 /* MOPAppearance.m in Sources */ = {isa = PBXBuildFile; fileRef = 977D1DF923E3841800218391 /* MOPAppearance.m */; };
		977D1DFD23E3846800218391 /* MOPPowerstats.m in Sources */ = {isa = PBXBuildFile; fileRef = 977D1DFC23E3846800218391 /* MOPPowerstats.m */; };
		977D1E0023E38DA100218391 /* MOPCharacterController.m in Sources */ = {isa = PBXBuildFile; fileRef = 977D1DFF23E38DA100218391 /* MOPCharacterController.m */; };
		977D1E0323E390A400218391 /* MOPImage.m in Sources */ = {isa = PBXBuildFile; fileRef = 977D1E0223E390A400218391 /* MOPImage.m */; };
		977D1E0623E39F7900218391 /* CharacterViewController.swift in Sources */ = {isa = PBXBuildFile; fileRef = 977D1E0523E39F7900218391 /* CharacterViewController.swift */; };
/* End PBXBuildFile section */

/* Begin PBXFileReference section */
		97484BE223E6046C009CF866 /* MOPBiography.h */ = {isa = PBXFileReference; lastKnownFileType = sourcecode.c.h; path = MOPBiography.h; sourceTree = "<group>"; };
		97484BE323E6046C009CF866 /* MOPBiography.m */ = {isa = PBXFileReference; lastKnownFileType = sourcecode.c.objc; path = MOPBiography.m; sourceTree = "<group>"; };
		977D1DD323E377AF00218391 /* SuperHeroC.app */ = {isa = PBXFileReference; explicitFileType = wrapper.application; includeInIndex = 0; path = SuperHeroC.app; sourceTree = BUILT_PRODUCTS_DIR; };
		977D1DD623E377AF00218391 /* AppDelegate.h */ = {isa = PBXFileReference; lastKnownFileType = sourcecode.c.h; path = AppDelegate.h; sourceTree = "<group>"; };
		977D1DD723E377AF00218391 /* AppDelegate.m */ = {isa = PBXFileReference; lastKnownFileType = sourcecode.c.objc; path = AppDelegate.m; sourceTree = "<group>"; };
		977D1DD923E377AF00218391 /* SceneDelegate.h */ = {isa = PBXFileReference; lastKnownFileType = sourcecode.c.h; path = SceneDelegate.h; sourceTree = "<group>"; };
		977D1DDA23E377AF00218391 /* SceneDelegate.m */ = {isa = PBXFileReference; lastKnownFileType = sourcecode.c.objc; path = SceneDelegate.m; sourceTree = "<group>"; };
		977D1DE023E377AF00218391 /* Base */ = {isa = PBXFileReference; lastKnownFileType = file.storyboard; name = Base; path = Base.lproj/Main.storyboard; sourceTree = "<group>"; };
		977D1DE223E377B000218391 /* Assets.xcassets */ = {isa = PBXFileReference; lastKnownFileType = folder.assetcatalog; path = Assets.xcassets; sourceTree = "<group>"; };
		977D1DE523E377B000218391 /* Base */ = {isa = PBXFileReference; lastKnownFileType = file.storyboard; name = Base; path = Base.lproj/LaunchScreen.storyboard; sourceTree = "<group>"; };
		977D1DE723E377B000218391 /* Info.plist */ = {isa = PBXFileReference; lastKnownFileType = text.plist.xml; path = Info.plist; sourceTree = "<group>"; };
		977D1DE823E377B000218391 /* main.m */ = {isa = PBXFileReference; lastKnownFileType = sourcecode.c.objc; path = main.m; sourceTree = "<group>"; };
		977D1DF523E37CAA00218391 /* MOPCharacter.h */ = {isa = PBXFileReference; lastKnownFileType = sourcecode.c.h; path = MOPCharacter.h; sourceTree = "<group>"; };
		977D1DF623E37CAA00218391 /* MOPCharacter.m */ = {isa = PBXFileReference; lastKnownFileType = sourcecode.c.objc; path = MOPCharacter.m; sourceTree = "<group>"; };
		977D1DF823E3841800218391 /* MOPAppearance.h */ = {isa = PBXFileReference; lastKnownFileType = sourcecode.c.h; path = MOPAppearance.h; sourceTree = "<group>"; };
		977D1DF923E3841800218391 /* MOPAppearance.m */ = {isa = PBXFileReference; lastKnownFileType = sourcecode.c.objc; path = MOPAppearance.m; sourceTree = "<group>"; };
		977D1DFB23E3846700218391 /* MOPPowerstats.h */ = {isa = PBXFileReference; lastKnownFileType = sourcecode.c.h; path = MOPPowerstats.h; sourceTree = "<group>"; };
		977D1DFC23E3846800218391 /* MOPPowerstats.m */ = {isa = PBXFileReference; lastKnownFileType = sourcecode.c.objc; path = MOPPowerstats.m; sourceTree = "<group>"; };
		977D1DFE23E38DA100218391 /* MOPCharacterController.h */ = {isa = PBXFileReference; lastKnownFileType = sourcecode.c.h; path = MOPCharacterController.h; sourceTree = "<group>"; };
		977D1DFF23E38DA100218391 /* MOPCharacterController.m */ = {isa = PBXFileReference; lastKnownFileType = sourcecode.c.objc; path = MOPCharacterController.m; sourceTree = "<group>"; };
		977D1E0123E390A400218391 /* MOPImage.h */ = {isa = PBXFileReference; lastKnownFileType = sourcecode.c.h; path = MOPImage.h; sourceTree = "<group>"; };
		977D1E0223E390A400218391 /* MOPImage.m */ = {isa = PBXFileReference; lastKnownFileType = sourcecode.c.objc; path = MOPImage.m; sourceTree = "<group>"; };
		977D1E0423E39F7900218391 /* SuperHeroC-Bridging-Header.h */ = {isa = PBXFileReference; lastKnownFileType = sourcecode.c.h; path = "SuperHeroC-Bridging-Header.h"; sourceTree = "<group>"; };
		977D1E0523E39F7900218391 /* CharacterViewController.swift */ = {isa = PBXFileReference; lastKnownFileType = sourcecode.swift; path = CharacterViewController.swift; sourceTree = "<group>"; };
/* End PBXFileReference section */

/* Begin PBXFrameworksBuildPhase section */
		977D1DD023E377AF00218391 /* Frameworks */ = {
			isa = PBXFrameworksBuildPhase;
			buildActionMask = 2147483647;
			files = (
			);
			runOnlyForDeploymentPostprocessing = 0;
		};
/* End PBXFrameworksBuildPhase section */

/* Begin PBXGroup section */
		977D1DCA23E377AF00218391 = {
			isa = PBXGroup;
			children = (
				977D1DD523E377AF00218391 /* SuperHeroC */,
				977D1DD423E377AF00218391 /* Products */,
			);
			sourceTree = "<group>";
		};
		977D1DD423E377AF00218391 /* Products */ = {
			isa = PBXGroup;
			children = (
				977D1DD323E377AF00218391 /* SuperHeroC.app */,
			);
			name = Products;
			sourceTree = "<group>";
		};
		977D1DD523E377AF00218391 /* SuperHeroC */ = {
			isa = PBXGroup;
			children = (
				977D1DF023E37C5700218391 /* Models */,
				977D1DF223E37C6700218391 /* Controllers */,
				977D1DF123E37C6100218391 /* Views */,
				977D1DEF23E37C4600218391 /* Resources */,
			);
			path = SuperHeroC;
			sourceTree = "<group>";
		};
		977D1DEF23E37C4600218391 /* Resources */ = {
			isa = PBXGroup;
			children = (
				977D1DD623E377AF00218391 /* AppDelegate.h */,
				977D1DD723E377AF00218391 /* AppDelegate.m */,
				977D1DD923E377AF00218391 /* SceneDelegate.h */,
				977D1DDA23E377AF00218391 /* SceneDelegate.m */,
				977D1DE223E377B000218391 /* Assets.xcassets */,
				977D1DE423E377B000218391 /* LaunchScreen.storyboard */,
				977D1DE723E377B000218391 /* Info.plist */,
				977D1DE823E377B000218391 /* main.m */,
			);
			path = Resources;
			sourceTree = "<group>";
		};
		977D1DF023E37C5700218391 /* Models */ = {
			isa = PBXGroup;
			children = (
				977D1DF523E37CAA00218391 /* MOPCharacter.h */,
				977D1DF623E37CAA00218391 /* MOPCharacter.m */,
				977D1DF823E3841800218391 /* MOPAppearance.h */,
				977D1DF923E3841800218391 /* MOPAppearance.m */,
				977D1DFB23E3846700218391 /* MOPPowerstats.h */,
				977D1DFC23E3846800218391 /* MOPPowerstats.m */,
				977D1E0123E390A400218391 /* MOPImage.h */,
				977D1E0223E390A400218391 /* MOPImage.m */,
				97484BE223E6046C009CF866 /* MOPBiography.h */,
				97484BE323E6046C009CF866 /* MOPBiography.m */,
			);
			path = Models;
			sourceTree = "<group>";
		};
		977D1DF123E37C6100218391 /* Views */ = {
			isa = PBXGroup;
			children = (
				977D1DDF23E377AF00218391 /* Main.storyboard */,
			);
			path = Views;
			sourceTree = "<group>";
		};
		977D1DF223E37C6700218391 /* Controllers */ = {
			isa = PBXGroup;
			children = (
				977D1DF423E37C7700218391 /* Model Controllers */,
				977D1DF323E37C7100218391 /* View Controllers */,
			);
			path = Controllers;
			sourceTree = "<group>";
		};
		977D1DF323E37C7100218391 /* View Controllers */ = {
			isa = PBXGroup;
			children = (
				977D1E0523E39F7900218391 /* CharacterViewController.swift */,
				977D1E0423E39F7900218391 /* SuperHeroC-Bridging-Header.h */,
			);
			path = "View Controllers";
			sourceTree = "<group>";
		};
		977D1DF423E37C7700218391 /* Model Controllers */ = {
			isa = PBXGroup;
			children = (
				977D1DFE23E38DA100218391 /* MOPCharacterController.h */,
				977D1DFF23E38DA100218391 /* MOPCharacterController.m */,
			);
			path = "Model Controllers";
			sourceTree = "<group>";
		};
/* End PBXGroup section */

/* Begin PBXNativeTarget section */
		977D1DD223E377AF00218391 /* SuperHeroC */ = {
			isa = PBXNativeTarget;
			buildConfigurationList = 977D1DEC23E377B000218391 /* Build configuration list for PBXNativeTarget "SuperHeroC" */;
			buildPhases = (
				977D1DCF23E377AF00218391 /* Sources */,
				977D1DD023E377AF00218391 /* Frameworks */,
				977D1DD123E377AF00218391 /* Resources */,
			);
			buildRules = (
			);
			dependencies = (
			);
			name = SuperHeroC;
			productName = SuperHeroC;
			productReference = 977D1DD323E377AF00218391 /* SuperHeroC.app */;
			productType = "com.apple.product-type.application";
		};
/* End PBXNativeTarget section */

/* Begin PBXProject section */
		977D1DCB23E377AF00218391 /* Project object */ = {
			isa = PBXProject;
			attributes = {
				CLASSPREFIX = MOP;
				LastUpgradeCheck = 1130;
				ORGANIZATIONNAME = "Maxwell Poffenbarger";
				TargetAttributes = {
					977D1DD223E377AF00218391 = {
						CreatedOnToolsVersion = 11.3.1;
						LastSwiftMigration = 1130;
					};
				};
			};
			buildConfigurationList = 977D1DCE23E377AF00218391 /* Build configuration list for PBXProject "SuperHeroC" */;
			compatibilityVersion = "Xcode 9.3";
			developmentRegion = en;
			hasScannedForEncodings = 0;
			knownRegions = (
				en,
				Base,
			);
			mainGroup = 977D1DCA23E377AF00218391;
			productRefGroup = 977D1DD423E377AF00218391 /* Products */;
			projectDirPath = "";
			projectRoot = "";
			targets = (
				977D1DD223E377AF00218391 /* SuperHeroC */,
			);
		};
/* End PBXProject section */

/* Begin PBXResourcesBuildPhase section */
		977D1DD123E377AF00218391 /* Resources */ = {
			isa = PBXResourcesBuildPhase;
			buildActionMask = 2147483647;
			files = (
				977D1DE623E377B000218391 /* LaunchScreen.storyboard in Resources */,
				977D1DE323E377B000218391 /* Assets.xcassets in Resources */,
				977D1DE123E377AF00218391 /* Main.storyboard in Resources */,
			);
			runOnlyForDeploymentPostprocessing = 0;
		};
/* End PBXResourcesBuildPhase section */

/* Begin PBXSourcesBuildPhase section */
		977D1DCF23E377AF00218391 /* Sources */ = {
			isa = PBXSourcesBuildPhase;
			buildActionMask = 2147483647;
			files = (
				977D1E0623E39F7900218391 /* CharacterViewController.swift in Sources */,
				977D1DD823E377AF00218391 /* AppDelegate.m in Sources */,
				977D1DE923E377B000218391 /* main.m in Sources */,
				977D1E0023E38DA100218391 /* MOPCharacterController.m in Sources */,
				97484BE423E6046C009CF866 /* MOPBiography.m in Sources */,
				977D1DFD23E3846800218391 /* MOPPowerstats.m in Sources */,
				977D1E0323E390A400218391 /* MOPImage.m in Sources */,
				977D1DDB23E377AF00218391 /* SceneDelegate.m in Sources */,
				977D1DFA23E3841800218391 /* MOPAppearance.m in Sources */,
				977D1DF723E37CAA00218391 /* MOPCharacter.m in Sources */,
			);
			runOnlyForDeploymentPostprocessing = 0;
		};
/* End PBXSourcesBuildPhase section */

/* Begin PBXVariantGroup section */
		977D1DDF23E377AF00218391 /* Main.storyboard */ = {
			isa = PBXVariantGroup;
			children = (
				977D1DE023E377AF00218391 /* Base */,
			);
			name = Main.storyboard;
			sourceTree = "<group>";
		};
		977D1DE423E377B000218391 /* LaunchScreen.storyboard */ = {
			isa = PBXVariantGroup;
			children = (
				977D1DE523E377B000218391 /* Base */,
			);
			name = LaunchScreen.storyboard;
			sourceTree = "<group>";
		};
/* End PBXVariantGroup section */

/* Begin XCBuildConfiguration section */
		977D1DEA23E377B000218391 /* Debug */ = {
			isa = XCBuildConfiguration;
			buildSettings = {
				ALWAYS_SEARCH_USER_PATHS = NO;
				CLANG_ANALYZER_NONNULL = YES;
				CLANG_ANALYZER_NUMBER_OBJECT_CONVERSION = YES_AGGRESSIVE;
				CLANG_CXX_LANGUAGE_STANDARD = "gnu++14";
				CLANG_CXX_LIBRARY = "libc++";
				CLANG_ENABLE_MODULES = YES;
				CLANG_ENABLE_OBJC_ARC = YES;
				CLANG_ENABLE_OBJC_WEAK = YES;
				CLANG_WARN_BLOCK_CAPTURE_AUTORELEASING = YES;
				CLANG_WARN_BOOL_CONVERSION = YES;
				CLANG_WARN_COMMA = YES;
				CLANG_WARN_CONSTANT_CONVERSION = YES;
				CLANG_WARN_DEPRECATED_OBJC_IMPLEMENTATIONS = YES;
				CLANG_WARN_DIRECT_OBJC_ISA_USAGE = YES_ERROR;
				CLANG_WARN_DOCUMENTATION_COMMENTS = YES;
				CLANG_WARN_EMPTY_BODY = YES;
				CLANG_WARN_ENUM_CONVERSION = YES;
				CLANG_WARN_INFINITE_RECURSION = YES;
				CLANG_WARN_INT_CONVERSION = YES;
				CLANG_WARN_NON_LITERAL_NULL_CONVERSION = YES;
				CLANG_WARN_OBJC_IMPLICIT_RETAIN_SELF = YES;
				CLANG_WARN_OBJC_LITERAL_CONVERSION = YES;
				CLANG_WARN_OBJC_ROOT_CLASS = YES_ERROR;
				CLANG_WARN_RANGE_LOOP_ANALYSIS = YES;
				CLANG_WARN_STRICT_PROTOTYPES = YES;
				CLANG_WARN_SUSPICIOUS_MOVE = YES;
				CLANG_WARN_UNGUARDED_AVAILABILITY = YES_AGGRESSIVE;
				CLANG_WARN_UNREACHABLE_CODE = YES;
				CLANG_WARN__DUPLICATE_METHOD_MATCH = YES;
				COPY_PHASE_STRIP = NO;
				DEBUG_INFORMATION_FORMAT = dwarf;
				ENABLE_STRICT_OBJC_MSGSEND = YES;
				ENABLE_TESTABILITY = YES;
				GCC_C_LANGUAGE_STANDARD = gnu11;
				GCC_DYNAMIC_NO_PIC = NO;
				GCC_NO_COMMON_BLOCKS = YES;
				GCC_OPTIMIZATION_LEVEL = 0;
				GCC_PREPROCESSOR_DEFINITIONS = (
					"DEBUG=1",
					"$(inherited)",
				);
				GCC_WARN_64_TO_32_BIT_CONVERSION = YES;
				GCC_WARN_ABOUT_RETURN_TYPE = YES_ERROR;
				GCC_WARN_UNDECLARED_SELECTOR = YES;
				GCC_WARN_UNINITIALIZED_AUTOS = YES_AGGRESSIVE;
				GCC_WARN_UNUSED_FUNCTION = YES;
				GCC_WARN_UNUSED_VARIABLE = YES;
				IPHONEOS_DEPLOYMENT_TARGET = 13.2;
				MTL_ENABLE_DEBUG_INFO = INCLUDE_SOURCE;
				MTL_FAST_MATH = YES;
				ONLY_ACTIVE_ARCH = YES;
				SDKROOT = iphoneos;
			};
			name = Debug;
		};
		977D1DEB23E377B000218391 /* Release */ = {
			isa = XCBuildConfiguration;
			buildSettings = {
				ALWAYS_SEARCH_USER_PATHS = NO;
				CLANG_ANALYZER_NONNULL = YES;
				CLANG_ANALYZER_NUMBER_OBJECT_CONVERSION = YES_AGGRESSIVE;
				CLANG_CXX_LANGUAGE_STANDARD = "gnu++14";
				CLANG_CXX_LIBRARY = "libc++";
				CLANG_ENABLE_MODULES = YES;
				CLANG_ENABLE_OBJC_ARC = YES;
				CLANG_ENABLE_OBJC_WEAK = YES;
				CLANG_WARN_BLOCK_CAPTURE_AUTORELEASING = YES;
				CLANG_WARN_BOOL_CONVERSION = YES;
				CLANG_WARN_COMMA = YES;
				CLANG_WARN_CONSTANT_CONVERSION = YES;
				CLANG_WARN_DEPRECATED_OBJC_IMPLEMENTATIONS = YES;
				CLANG_WARN_DIRECT_OBJC_ISA_USAGE = YES_ERROR;
				CLANG_WARN_DOCUMENTATION_COMMENTS = YES;
				CLANG_WARN_EMPTY_BODY = YES;
				CLANG_WARN_ENUM_CONVERSION = YES;
				CLANG_WARN_INFINITE_RECURSION = YES;
				CLANG_WARN_INT_CONVERSION = YES;
				CLANG_WARN_NON_LITERAL_NULL_CONVERSION = YES;
				CLANG_WARN_OBJC_IMPLICIT_RETAIN_SELF = YES;
				CLANG_WARN_OBJC_LITERAL_CONVERSION = YES;
				CLANG_WARN_OBJC_ROOT_CLASS = YES_ERROR;
				CLANG_WARN_RANGE_LOOP_ANALYSIS = YES;
				CLANG_WARN_STRICT_PROTOTYPES = YES;
				CLANG_WARN_SUSPICIOUS_MOVE = YES;
				CLANG_WARN_UNGUARDED_AVAILABILITY = YES_AGGRESSIVE;
				CLANG_WARN_UNREACHABLE_CODE = YES;
				CLANG_WARN__DUPLICATE_METHOD_MATCH = YES;
				COPY_PHASE_STRIP = NO;
				DEBUG_INFORMATION_FORMAT = "dwarf-with-dsym";
				ENABLE_NS_ASSERTIONS = NO;
				ENABLE_STRICT_OBJC_MSGSEND = YES;
				GCC_C_LANGUAGE_STANDARD = gnu11;
				GCC_NO_COMMON_BLOCKS = YES;
				GCC_WARN_64_TO_32_BIT_CONVERSION = YES;
				GCC_WARN_ABOUT_RETURN_TYPE = YES_ERROR;
				GCC_WARN_UNDECLARED_SELECTOR = YES;
				GCC_WARN_UNINITIALIZED_AUTOS = YES_AGGRESSIVE;
				GCC_WARN_UNUSED_FUNCTION = YES;
				GCC_WARN_UNUSED_VARIABLE = YES;
				IPHONEOS_DEPLOYMENT_TARGET = 13.2;
				MTL_ENABLE_DEBUG_INFO = NO;
				MTL_FAST_MATH = YES;
				SDKROOT = iphoneos;
				VALIDATE_PRODUCT = YES;
			};
			name = Release;
		};
		977D1DED23E377B000218391 /* Debug */ = {
			isa = XCBuildConfiguration;
			buildSettings = {
				ASSETCATALOG_COMPILER_APPICON_NAME = AppIcon;
				CLANG_ENABLE_MODULES = YES;
				CODE_SIGN_STYLE = Automatic;
				DEVELOPMENT_TEAM = V4L99CL288;
				INFOPLIST_FILE = SuperHeroC/Resources/Info.plist;
				LD_RUNPATH_SEARCH_PATHS = (
					"$(inherited)",
					"@executable_path/Frameworks",
				);
				PRODUCT_BUNDLE_IDENTIFIER = "Max-Poff.SuperHeroC";
				PRODUCT_NAME = "$(TARGET_NAME)";
				SWIFT_OBJC_BRIDGING_HEADER = "SuperHeroC/Controllers/View Controllers/SuperHeroC-Bridging-Header.h";
				SWIFT_OPTIMIZATION_LEVEL = "-Onone";
				SWIFT_VERSION = 5.0;
				TARGETED_DEVICE_FAMILY = "1,2";
			};
			name = Debug;
		};
		977D1DEE23E377B000218391 /* Release */ = {
			isa = XCBuildConfiguration;
			buildSettings = {
				ASSETCATALOG_COMPILER_APPICON_NAME = AppIcon;
				CLANG_ENABLE_MODULES = YES;
				CODE_SIGN_STYLE = Automatic;
				DEVELOPMENT_TEAM = V4L99CL288;
				INFOPLIST_FILE = SuperHeroC/Resources/Info.plist;
				LD_RUNPATH_SEARCH_PATHS = (
					"$(inherited)",
					"@executable_path/Frameworks",
				);
				PRODUCT_BUNDLE_IDENTIFIER = "Max-Poff.SuperHeroC";
				PRODUCT_NAME = "$(TARGET_NAME)";
				SWIFT_OBJC_BRIDGING_HEADER = "SuperHeroC/Controllers/View Controllers/SuperHeroC-Bridging-Header.h";
				SWIFT_VERSION = 5.0;
				TARGETED_DEVICE_FAMILY = "1,2";
			};
			name = Release;
		};
/* End XCBuildConfiguration section */

/* Begin XCConfigurationList section */
		977D1DCE23E377AF00218391 /* Build configuration list for PBXProject "SuperHeroC" */ = {
			isa = XCConfigurationList;
			buildConfigurations = (
				977D1DEA23E377B000218391 /* Debug */,
				977D1DEB23E377B000218391 /* Release */,
			);
			defaultConfigurationIsVisible = 0;
			defaultConfigurationName = Release;
		};
		977D1DEC23E377B000218391 /* Build configuration list for PBXNativeTarget "SuperHeroC" */ = {
			isa = XCConfigurationList;
			buildConfigurations = (
				977D1DED23E377B000218391 /* Debug */,
				977D1DEE23E377B000218391 /* Release */,
			);
			defaultConfigurationIsVisible = 0;
			defaultConfigurationName = Release;
		};
/* End XCConfigurationList section */
	};
	rootObject = 977D1DCB23E377AF00218391 /* Project object */;
}
